// !$*UTF8*$!
{
	archiveVersion = 1;
	classes = {
	};
	objectVersion = 55;
	objects = {

/* Begin PBXBuildFile section */
		3BB5D7AC18C8DF5E0DB6EDEC /* Pods_STUDYA.framework in Frameworks */ = {isa = PBXBuildFile; fileRef = 0E1788325FAC5728639BB995 /* Pods_STUDYA.framework */; };
		721D8A4728A39F4C00829A2B /* CreatingStudyViewController.swift in Sources */ = {isa = PBXBuildFile; fileRef = 721D8A4628A39F4C00829A2B /* CreatingStudyViewController.swift */; };
		721D8A4D28A4EA0100829A2B /* CategoryCell.swift in Sources */ = {isa = PBXBuildFile; fileRef = 721D8A4C28A4EA0100829A2B /* CategoryCell.swift */; };
		7251262E28A8B49700D8DA76 /* FindPasswordCompleteViewController.swift in Sources */ = {isa = PBXBuildFile; fileRef = 7251262D28A8B49700D8DA76 /* FindPasswordCompleteViewController.swift */; };
		726FA4632901A352004E49A9 /* ScheduleTableView.swift in Sources */ = {isa = PBXBuildFile; fileRef = 726FA4622901A352004E49A9 /* ScheduleTableView.swift */; };
		726FA4652901A496004E49A9 /* ScheduleTableViewCell.swift in Sources */ = {isa = PBXBuildFile; fileRef = 726FA4642901A496004E49A9 /* ScheduleTableViewCell.swift */; };
		7282F18228FFE7D2003EF100 /* ToDoCollectionViewCell.swift in Sources */ = {isa = PBXBuildFile; fileRef = 7282F18128FFE7D2003EF100 /* ToDoCollectionViewCell.swift */; };
		7282F18428FFE7DC003EF100 /* ScheduleCollectionViewCell.swift in Sources */ = {isa = PBXBuildFile; fileRef = 7282F18328FFE7DC003EF100 /* ScheduleCollectionViewCell.swift */; };
		7299967C28A9FE6E0008A1C1 /* CustomAF.swift in Sources */ = {isa = PBXBuildFile; fileRef = 7299967B28A9FE6E0008A1C1 /* CustomAF.swift */; };
		7299968028AF54190008A1C1 /* AnnouncementBoardViewController.swift in Sources */ = {isa = PBXBuildFile; fileRef = 7299967F28AF54190008A1C1 /* AnnouncementBoardViewController.swift */; };
		7299968228AF5C480008A1C1 /* AnnouncementBoardTableViewCell.swift in Sources */ = {isa = PBXBuildFile; fileRef = 7299968128AF5C480008A1C1 /* AnnouncementBoardTableViewCell.swift */; };
		7299968428B09B110008A1C1 /* AnnouncementViewController.swift in Sources */ = {isa = PBXBuildFile; fileRef = 7299968328B09B110008A1C1 /* AnnouncementViewController.swift */; };
		7299968828BE44090008A1C1 /* MainViewController.swift in Sources */ = {isa = PBXBuildFile; fileRef = 7299968728BE44090008A1C1 /* MainViewController.swift */; };
		7299968E28C1EEC00008A1C1 /* StudyFreeRuleViewController.swift in Sources */ = {isa = PBXBuildFile; fileRef = 7299968D28C1EEC00008A1C1 /* StudyFreeRuleViewController.swift */; };
		7299969028C5BA510008A1C1 /* StudyGeneralRuleAttendanceTableViewController.swift in Sources */ = {isa = PBXBuildFile; fileRef = 7299968F28C5BA510008A1C1 /* StudyGeneralRuleAttendanceTableViewController.swift */; };
		72B5BE4D28D0A08C000137CD /* CreatingStudyCompleteViewController.swift in Sources */ = {isa = PBXBuildFile; fileRef = 72B5BE4C28D0A08C000137CD /* CreatingStudyCompleteViewController.swift */; };
		72ED25A82897788900031AD1 /* AppDelegate.swift in Sources */ = {isa = PBXBuildFile; fileRef = 72ED25A72897788900031AD1 /* AppDelegate.swift */; };
		72ED25AA2897788900031AD1 /* SceneDelegate.swift in Sources */ = {isa = PBXBuildFile; fileRef = 72ED25A92897788900031AD1 /* SceneDelegate.swift */; };
		72ED25AC2897788900031AD1 /* ViewController.swift in Sources */ = {isa = PBXBuildFile; fileRef = 72ED25AB2897788900031AD1 /* ViewController.swift */; };
		72ED25AF2897788900031AD1 /* Main.storyboard in Resources */ = {isa = PBXBuildFile; fileRef = 72ED25AD2897788900031AD1 /* Main.storyboard */; };
		72ED25B12897788A00031AD1 /* Assets.xcassets in Resources */ = {isa = PBXBuildFile; fileRef = 72ED25B02897788A00031AD1 /* Assets.xcassets */; };
		72ED25B42897788A00031AD1 /* LaunchScreen.storyboard in Resources */ = {isa = PBXBuildFile; fileRef = 72ED25B22897788A00031AD1 /* LaunchScreen.storyboard */; };
		72ED25BC289778A200031AD1 /* Component.swift in Sources */ = {isa = PBXBuildFile; fileRef = 72ED25BB289778A200031AD1 /* Component.swift */; };
		72ED25BE289778CB00031AD1 /* Color.swift in Sources */ = {isa = PBXBuildFile; fileRef = 72ED25BD289778CB00031AD1 /* Color.swift */; };
		72ED25C128978AA400031AD1 /* SnapKit in Frameworks */ = {isa = PBXBuildFile; productRef = 72ED25C028978AA400031AD1 /* SnapKit */; };
		72ED25C328978EBE00031AD1 /* SignInViewController.swift in Sources */ = {isa = PBXBuildFile; fileRef = 72ED25C228978EBE00031AD1 /* SignInViewController.swift */; };
		72ED25C52897FCFC00031AD1 /* FormViewModel.swift in Sources */ = {isa = PBXBuildFile; fileRef = 72ED25C42897FCFC00031AD1 /* FormViewModel.swift */; };
		72ED25C72898B1E700031AD1 /* FindPasswordViewController.swift in Sources */ = {isa = PBXBuildFile; fileRef = 72ED25C62898B1E700031AD1 /* FindPasswordViewController.swift */; };
		72EECECB28C9A56500A23C27 /* Model.swift in Sources */ = {isa = PBXBuildFile; fileRef = 72EECECA28C9A56500A23C27 /* Model.swift */; };
		72F7CFA828F832D100E0D0C0 /* CalendarViewController.swift in Sources */ = {isa = PBXBuildFile; fileRef = 72F7CFA728F832D100E0D0C0 /* CalendarViewController.swift */; };
		72F7CFAD28F834A800E0D0C0 /* CalendarBottomSheetViewController.swift in Sources */ = {isa = PBXBuildFile; fileRef = 72F7CFAC28F834A800E0D0C0 /* CalendarBottomSheetViewController.swift */; };
		72F7CFAF28F83D0500E0D0C0 /* MyBottomSheetDataSource.swift in Sources */ = {isa = PBXBuildFile; fileRef = 72F7CFAE28F83D0400E0D0C0 /* MyBottomSheetDataSource.swift */; };
		D314A1D92902931800093C0E /* ToDoItemTableViewCell.swift in Sources */ = {isa = PBXBuildFile; fileRef = D314A1D82902931800093C0E /* ToDoItemTableViewCell.swift */; };
		D314A1DB2905190100093C0E /* Extension.swift in Sources */ = {isa = PBXBuildFile; fileRef = D314A1DA2905190100093C0E /* Extension.swift */; };
		D314A1DD29053FDC00093C0E /* MainSpreadUpTableViewCell.swift in Sources */ = {isa = PBXBuildFile; fileRef = D314A1DC29053FDC00093C0E /* MainSpreadUpTableViewCell.swift */; };
		D335C67228A39E2600EEDD79 /* CreatingStudyRuleViewController.swift in Sources */ = {isa = PBXBuildFile; fileRef = D335C67128A39E2600EEDD79 /* CreatingStudyRuleViewController.swift */; };
		D34E4F5C291D3F6E00958557 /* Protocol.swift in Sources */ = {isa = PBXBuildFile; fileRef = D34E4F5B291D3F6E00958557 /* Protocol.swift */; };
		D34E4F5E291D3F9A00958557 /* MemberViewController.swift in Sources */ = {isa = PBXBuildFile; fileRef = D34E4F5D291D3F9A00958557 /* MemberViewController.swift */; };
		D37D8A4829081974004AF8E9 /* TabBarViewController.swift in Sources */ = {isa = PBXBuildFile; fileRef = D37D8A4729081974004AF8E9 /* TabBarViewController.swift */; };
		D381A96B291EA72C008A2102 /* InviteMemberCollectionViewCell.swift in Sources */ = {isa = PBXBuildFile; fileRef = D381A96A291EA72C008A2102 /* InviteMemberCollectionViewCell.swift */; };
		D381A96D291EA744008A2102 /* MemberCollectionViewCell.swift in Sources */ = {isa = PBXBuildFile; fileRef = D381A96C291EA744008A2102 /* MemberCollectionViewCell.swift */; };
		D394146128FDBAA7006E75C3 /* MainDropDownTableViewCell.swift in Sources */ = {isa = PBXBuildFile; fileRef = D394146028FDBAA7006E75C3 /* MainDropDownTableViewCell.swift */; };
		D3AFCE1728A7F3F4004FBAB9 /* Network.swift in Sources */ = {isa = PBXBuildFile; fileRef = D3AFCE1628A7F3F4004FBAB9 /* Network.swift */; };
		D3AFCE1A28A7F53D004FBAB9 /* Alamofire in Frameworks */ = {isa = PBXBuildFile; productRef = D3AFCE1928A7F53D004FBAB9 /* Alamofire */; };
		D3BF053628BF901700AF7D3B /* Formatter.swift in Sources */ = {isa = PBXBuildFile; fileRef = D3BF053528BF901700AF7D3B /* Formatter.swift */; };
		D3BF054328C0E9EC00AF7D3B /* StudyGeneralRuleViewController.swift in Sources */ = {isa = PBXBuildFile; fileRef = D3BF054128C0E9EC00AF7D3B /* StudyGeneralRuleViewController.swift */; };
		D3BF054628C116DB00AF7D3B /* StudyGeneralRuleExcommunicationCollectionViewCell.swift in Sources */ = {isa = PBXBuildFile; fileRef = D3BF054528C116DB00AF7D3B /* StudyGeneralRuleExcommunicationCollectionViewCell.swift */; };
		D3BF054828C116FD00AF7D3B /* StudyGeneralRuleAttendanceCollectionViewCell.swift in Sources */ = {isa = PBXBuildFile; fileRef = D3BF054728C116FD00AF7D3B /* StudyGeneralRuleAttendanceCollectionViewCell.swift */; };
		D3BF054C28C3C36700AF7D3B /* Notification.swift in Sources */ = {isa = PBXBuildFile; fileRef = D3BF054B28C3C36700AF7D3B /* Notification.swift */; };
		D3C23A5E28EDE685009B53B4 /* KeyChain.swift in Sources */ = {isa = PBXBuildFile; fileRef = D3C23A5D28EDE685009B53B4 /* KeyChain.swift */; };
		D3C23A6028EDE7A1009B53B4 /* File.swift in Sources */ = {isa = PBXBuildFile; fileRef = D3C23A5F28EDE7A1009B53B4 /* File.swift */; };
		D3C23A6028EDE7A1009B53B4 /* Enum.swift in Sources */ = {isa = PBXBuildFile; fileRef = D3C23A5F28EDE7A1009B53B4 /* Enum.swift */; };
		D3C23A7128F9A6CA009B53B4 /* MainSecondScheduleTableViewCell.swift in Sources */ = {isa = PBXBuildFile; fileRef = D3C23A7028F9A6C9009B53B4 /* MainSecondScheduleTableViewCell.swift */; };
		D3C23A7328F9A7CD009B53B4 /* MainFirstAnnouncementTableViewCell.swift in Sources */ = {isa = PBXBuildFile; fileRef = D3C23A7228F9A7CD009B53B4 /* MainFirstAnnouncementTableViewCell.swift */; };
		D3C23A7528F9B418009B53B4 /* MainThirdButtonTableViewCell.swift in Sources */ = {isa = PBXBuildFile; fileRef = D3C23A7428F9B418009B53B4 /* MainThirdButtonTableViewCell.swift */; };
		D3C23A7728FA84DF009B53B4 /* MainFourthManagementTableViewCell.swift in Sources */ = {isa = PBXBuildFile; fileRef = D3C23A7628FA84DF009B53B4 /* MainFourthManagementTableViewCell.swift */; };
		D3EC2F3E289918B200D4DA18 /* WelcomeViewController.swift in Sources */ = {isa = PBXBuildFile; fileRef = D3EC2F3D289918B200D4DA18 /* WelcomeViewController.swift */; };
		D3EC2F402899211200D4DA18 /* Constraint.swift in Sources */ = {isa = PBXBuildFile; fileRef = D3EC2F3F2899211200D4DA18 /* Constraint.swift */; };
		D3EC2F46289A7F8400D4DA18 /* ProfileSettingViewController.swift in Sources */ = {isa = PBXBuildFile; fileRef = D3EC2F45289A7F8400D4DA18 /* ProfileSettingViewController.swift */; };
		D3F0983E2914E25100D1E55F /* UBottomSheet.swift in Sources */ = {isa = PBXBuildFile; fileRef = D3F0983D2914E25100D1E55F /* UBottomSheet.swift */; };
		D3F2C6ED28B1207700CEC549 /* MailCheckViewController.swift in Sources */ = {isa = PBXBuildFile; fileRef = D3F2C6EC28B1207700CEC549 /* MailCheckViewController.swift */; };
		D3F2C6FA28B2879F00CEC549 /* SignUpViewController.swift in Sources */ = {isa = PBXBuildFile; fileRef = D3F2C6F928B2879F00CEC549 /* SignUpViewController.swift */; };
		D3F2C6FD28B380C900CEC549 /* KakaoSDKAuth in Frameworks */ = {isa = PBXBuildFile; productRef = D3F2C6FC28B380C900CEC549 /* KakaoSDKAuth */; };
		D3F2C6FF28B380C900CEC549 /* KakaoSDKCommon in Frameworks */ = {isa = PBXBuildFile; productRef = D3F2C6FE28B380C900CEC549 /* KakaoSDKCommon */; };
		D3F2C70128B380C900CEC549 /* KakaoSDKShare in Frameworks */ = {isa = PBXBuildFile; productRef = D3F2C70028B380C900CEC549 /* KakaoSDKShare */; };
		D3F2C70328B380C900CEC549 /* KakaoSDKTemplate in Frameworks */ = {isa = PBXBuildFile; productRef = D3F2C70228B380C900CEC549 /* KakaoSDKTemplate */; };
		D3F2C70528B380C900CEC549 /* KakaoSDKUser in Frameworks */ = {isa = PBXBuildFile; productRef = D3F2C70428B380C900CEC549 /* KakaoSDKUser */; };
/* End PBXBuildFile section */

/* Begin PBXFileReference section */
		0E1788325FAC5728639BB995 /* Pods_STUDYA.framework */ = {isa = PBXFileReference; explicitFileType = wrapper.framework; includeInIndex = 0; path = Pods_STUDYA.framework; sourceTree = BUILT_PRODUCTS_DIR; };
		60745814C03372860FF0B47B /* Pods-STUDYA.debug.xcconfig */ = {isa = PBXFileReference; includeInIndex = 1; lastKnownFileType = text.xcconfig; name = "Pods-STUDYA.debug.xcconfig"; path = "Target Support Files/Pods-STUDYA/Pods-STUDYA.debug.xcconfig"; sourceTree = "<group>"; };
		721D8A4628A39F4C00829A2B /* CreatingStudyViewController.swift */ = {isa = PBXFileReference; lastKnownFileType = sourcecode.swift; path = CreatingStudyViewController.swift; sourceTree = "<group>"; };
		721D8A4C28A4EA0100829A2B /* CategoryCell.swift */ = {isa = PBXFileReference; fileEncoding = 4; lastKnownFileType = sourcecode.swift; path = CategoryCell.swift; sourceTree = "<group>"; };
		7251262D28A8B49700D8DA76 /* FindPasswordCompleteViewController.swift */ = {isa = PBXFileReference; fileEncoding = 4; lastKnownFileType = sourcecode.swift; path = FindPasswordCompleteViewController.swift; sourceTree = "<group>"; };
		726FA4622901A352004E49A9 /* ScheduleTableView.swift */ = {isa = PBXFileReference; lastKnownFileType = sourcecode.swift; path = ScheduleTableView.swift; sourceTree = "<group>"; };
		726FA4642901A496004E49A9 /* ScheduleTableViewCell.swift */ = {isa = PBXFileReference; lastKnownFileType = sourcecode.swift; path = ScheduleTableViewCell.swift; sourceTree = "<group>"; };
		7282F18128FFE7D2003EF100 /* ToDoCollectionViewCell.swift */ = {isa = PBXFileReference; lastKnownFileType = sourcecode.swift; path = ToDoCollectionViewCell.swift; sourceTree = "<group>"; };
		7282F18328FFE7DC003EF100 /* ScheduleCollectionViewCell.swift */ = {isa = PBXFileReference; lastKnownFileType = sourcecode.swift; path = ScheduleCollectionViewCell.swift; sourceTree = "<group>"; };
		7299967B28A9FE6E0008A1C1 /* CustomAF.swift */ = {isa = PBXFileReference; lastKnownFileType = sourcecode.swift; path = CustomAF.swift; sourceTree = "<group>"; };
		7299967F28AF54190008A1C1 /* AnnouncementBoardViewController.swift */ = {isa = PBXFileReference; lastKnownFileType = sourcecode.swift; path = AnnouncementBoardViewController.swift; sourceTree = "<group>"; };
		7299968128AF5C480008A1C1 /* AnnouncementBoardTableViewCell.swift */ = {isa = PBXFileReference; lastKnownFileType = sourcecode.swift; path = AnnouncementBoardTableViewCell.swift; sourceTree = "<group>"; };
		7299968328B09B110008A1C1 /* AnnouncementViewController.swift */ = {isa = PBXFileReference; lastKnownFileType = sourcecode.swift; path = AnnouncementViewController.swift; sourceTree = "<group>"; };
		7299968728BE44090008A1C1 /* MainViewController.swift */ = {isa = PBXFileReference; lastKnownFileType = sourcecode.swift; path = MainViewController.swift; sourceTree = "<group>"; };
		7299968D28C1EEC00008A1C1 /* StudyFreeRuleViewController.swift */ = {isa = PBXFileReference; lastKnownFileType = sourcecode.swift; path = StudyFreeRuleViewController.swift; sourceTree = "<group>"; };
		7299968F28C5BA510008A1C1 /* StudyGeneralRuleAttendanceTableViewController.swift */ = {isa = PBXFileReference; lastKnownFileType = sourcecode.swift; path = StudyGeneralRuleAttendanceTableViewController.swift; sourceTree = "<group>"; };
		72B5BE4C28D0A08C000137CD /* CreatingStudyCompleteViewController.swift */ = {isa = PBXFileReference; lastKnownFileType = sourcecode.swift; path = CreatingStudyCompleteViewController.swift; sourceTree = "<group>"; };
		72ED25A42897788900031AD1 /* STUDYA.app */ = {isa = PBXFileReference; explicitFileType = wrapper.application; includeInIndex = 0; path = STUDYA.app; sourceTree = BUILT_PRODUCTS_DIR; };
		72ED25A72897788900031AD1 /* AppDelegate.swift */ = {isa = PBXFileReference; lastKnownFileType = sourcecode.swift; path = AppDelegate.swift; sourceTree = "<group>"; };
		72ED25A92897788900031AD1 /* SceneDelegate.swift */ = {isa = PBXFileReference; lastKnownFileType = sourcecode.swift; path = SceneDelegate.swift; sourceTree = "<group>"; };
		72ED25AB2897788900031AD1 /* ViewController.swift */ = {isa = PBXFileReference; lastKnownFileType = sourcecode.swift; path = ViewController.swift; sourceTree = "<group>"; };
		72ED25AE2897788900031AD1 /* Base */ = {isa = PBXFileReference; lastKnownFileType = file.storyboard; name = Base; path = Base.lproj/Main.storyboard; sourceTree = "<group>"; };
		72ED25B02897788A00031AD1 /* Assets.xcassets */ = {isa = PBXFileReference; lastKnownFileType = folder.assetcatalog; path = Assets.xcassets; sourceTree = "<group>"; };
		72ED25B32897788A00031AD1 /* Base */ = {isa = PBXFileReference; lastKnownFileType = file.storyboard; name = Base; path = Base.lproj/LaunchScreen.storyboard; sourceTree = "<group>"; };
		72ED25B52897788A00031AD1 /* Info.plist */ = {isa = PBXFileReference; lastKnownFileType = text.plist.xml; path = Info.plist; sourceTree = "<group>"; };
		72ED25BB289778A200031AD1 /* Component.swift */ = {isa = PBXFileReference; lastKnownFileType = sourcecode.swift; path = Component.swift; sourceTree = "<group>"; };
		72ED25BD289778CB00031AD1 /* Color.swift */ = {isa = PBXFileReference; lastKnownFileType = sourcecode.swift; path = Color.swift; sourceTree = "<group>"; };
		72ED25C228978EBE00031AD1 /* SignInViewController.swift */ = {isa = PBXFileReference; lastKnownFileType = sourcecode.swift; path = SignInViewController.swift; sourceTree = "<group>"; };
		72ED25C42897FCFC00031AD1 /* FormViewModel.swift */ = {isa = PBXFileReference; lastKnownFileType = sourcecode.swift; path = FormViewModel.swift; sourceTree = "<group>"; };
		72ED25C62898B1E700031AD1 /* FindPasswordViewController.swift */ = {isa = PBXFileReference; lastKnownFileType = sourcecode.swift; path = FindPasswordViewController.swift; sourceTree = "<group>"; };
		72EECECA28C9A56500A23C27 /* Model.swift */ = {isa = PBXFileReference; lastKnownFileType = sourcecode.swift; path = Model.swift; sourceTree = "<group>"; };
		72F7CFA728F832D100E0D0C0 /* CalendarViewController.swift */ = {isa = PBXFileReference; lastKnownFileType = sourcecode.swift; path = CalendarViewController.swift; sourceTree = "<group>"; };
		72F7CFAC28F834A800E0D0C0 /* CalendarBottomSheetViewController.swift */ = {isa = PBXFileReference; lastKnownFileType = sourcecode.swift; path = CalendarBottomSheetViewController.swift; sourceTree = "<group>"; };
		72F7CFAE28F83D0400E0D0C0 /* MyBottomSheetDataSource.swift */ = {isa = PBXFileReference; lastKnownFileType = sourcecode.swift; path = MyBottomSheetDataSource.swift; sourceTree = "<group>"; };
		81E2B0CD3836144B365B9C77 /* Pods-STUDYA.release.xcconfig */ = {isa = PBXFileReference; includeInIndex = 1; lastKnownFileType = text.xcconfig; name = "Pods-STUDYA.release.xcconfig"; path = "Target Support Files/Pods-STUDYA/Pods-STUDYA.release.xcconfig"; sourceTree = "<group>"; };
		D314A1D82902931800093C0E /* ToDoItemTableViewCell.swift */ = {isa = PBXFileReference; lastKnownFileType = sourcecode.swift; path = ToDoItemTableViewCell.swift; sourceTree = "<group>"; };
		D314A1DA2905190100093C0E /* Extension.swift */ = {isa = PBXFileReference; lastKnownFileType = sourcecode.swift; path = Extension.swift; sourceTree = "<group>"; };
		D314A1DC29053FDC00093C0E /* MainSpreadUpTableViewCell.swift */ = {isa = PBXFileReference; lastKnownFileType = sourcecode.swift; path = MainSpreadUpTableViewCell.swift; sourceTree = "<group>"; };
		D335C67128A39E2600EEDD79 /* CreatingStudyRuleViewController.swift */ = {isa = PBXFileReference; lastKnownFileType = sourcecode.swift; path = CreatingStudyRuleViewController.swift; sourceTree = "<group>"; };
		D34E4F5B291D3F6E00958557 /* Protocol.swift */ = {isa = PBXFileReference; lastKnownFileType = sourcecode.swift; path = Protocol.swift; sourceTree = "<group>"; };
		D34E4F5D291D3F9A00958557 /* MemberViewController.swift */ = {isa = PBXFileReference; lastKnownFileType = sourcecode.swift; path = MemberViewController.swift; sourceTree = "<group>"; };
		D37D8A4729081974004AF8E9 /* TabBarViewController.swift */ = {isa = PBXFileReference; fileEncoding = 4; lastKnownFileType = sourcecode.swift; path = TabBarViewController.swift; sourceTree = "<group>"; };
		D381A96A291EA72C008A2102 /* InviteMemberCollectionViewCell.swift */ = {isa = PBXFileReference; lastKnownFileType = sourcecode.swift; path = InviteMemberCollectionViewCell.swift; sourceTree = "<group>"; };
		D381A96C291EA744008A2102 /* MemberCollectionViewCell.swift */ = {isa = PBXFileReference; lastKnownFileType = sourcecode.swift; path = MemberCollectionViewCell.swift; sourceTree = "<group>"; };
		D394146028FDBAA7006E75C3 /* MainDropDownTableViewCell.swift */ = {isa = PBXFileReference; lastKnownFileType = sourcecode.swift; path = MainDropDownTableViewCell.swift; sourceTree = "<group>"; };
		D3AFCE1628A7F3F4004FBAB9 /* Network.swift */ = {isa = PBXFileReference; lastKnownFileType = sourcecode.swift; path = Network.swift; sourceTree = "<group>"; };
		D3BF053528BF901700AF7D3B /* Formatter.swift */ = {isa = PBXFileReference; lastKnownFileType = sourcecode.swift; path = Formatter.swift; sourceTree = "<group>"; };
		D3BF054128C0E9EC00AF7D3B /* StudyGeneralRuleViewController.swift */ = {isa = PBXFileReference; lastKnownFileType = sourcecode.swift; path = StudyGeneralRuleViewController.swift; sourceTree = "<group>"; };
		D3BF054528C116DB00AF7D3B /* StudyGeneralRuleExcommunicationCollectionViewCell.swift */ = {isa = PBXFileReference; lastKnownFileType = sourcecode.swift; path = StudyGeneralRuleExcommunicationCollectionViewCell.swift; sourceTree = "<group>"; };
		D3BF054728C116FD00AF7D3B /* StudyGeneralRuleAttendanceCollectionViewCell.swift */ = {isa = PBXFileReference; lastKnownFileType = sourcecode.swift; path = StudyGeneralRuleAttendanceCollectionViewCell.swift; sourceTree = "<group>"; };
		D3BF054B28C3C36700AF7D3B /* Notification.swift */ = {isa = PBXFileReference; lastKnownFileType = sourcecode.swift; path = Notification.swift; sourceTree = "<group>"; };
		D3C23A5D28EDE685009B53B4 /* KeyChain.swift */ = {isa = PBXFileReference; lastKnownFileType = sourcecode.swift; path = KeyChain.swift; sourceTree = "<group>"; };
		D3C23A5F28EDE7A1009B53B4 /* File.swift */ = {isa = PBXFileReference; lastKnownFileType = sourcecode.swift; path = File.swift; sourceTree = "<group>"; };
		D3C23A5F28EDE7A1009B53B4 /* Enum.swift */ = {isa = PBXFileReference; lastKnownFileType = sourcecode.swift; path = Enum.swift; sourceTree = "<group>"; };
		D3C23A7028F9A6C9009B53B4 /* MainSecondScheduleTableViewCell.swift */ = {isa = PBXFileReference; fileEncoding = 4; lastKnownFileType = sourcecode.swift; path = MainSecondScheduleTableViewCell.swift; sourceTree = "<group>"; };
		D3C23A7228F9A7CD009B53B4 /* MainFirstAnnouncementTableViewCell.swift */ = {isa = PBXFileReference; lastKnownFileType = sourcecode.swift; path = MainFirstAnnouncementTableViewCell.swift; sourceTree = "<group>"; };
		D3C23A7428F9B418009B53B4 /* MainThirdButtonTableViewCell.swift */ = {isa = PBXFileReference; lastKnownFileType = sourcecode.swift; path = MainThirdButtonTableViewCell.swift; sourceTree = "<group>"; };
		D3C23A7628FA84DF009B53B4 /* MainFourthManagementTableViewCell.swift */ = {isa = PBXFileReference; lastKnownFileType = sourcecode.swift; path = MainFourthManagementTableViewCell.swift; sourceTree = "<group>"; };
		D3EC2F3D289918B200D4DA18 /* WelcomeViewController.swift */ = {isa = PBXFileReference; lastKnownFileType = sourcecode.swift; path = WelcomeViewController.swift; sourceTree = "<group>"; };
		D3EC2F3F2899211200D4DA18 /* Constraint.swift */ = {isa = PBXFileReference; lastKnownFileType = sourcecode.swift; path = Constraint.swift; sourceTree = "<group>"; };
		D3EC2F45289A7F8400D4DA18 /* ProfileSettingViewController.swift */ = {isa = PBXFileReference; lastKnownFileType = sourcecode.swift; path = ProfileSettingViewController.swift; sourceTree = "<group>"; };
		D3F0983D2914E25100D1E55F /* UBottomSheet.swift */ = {isa = PBXFileReference; lastKnownFileType = sourcecode.swift; path = UBottomSheet.swift; sourceTree = "<group>"; };
		D3F2C6EC28B1207700CEC549 /* MailCheckViewController.swift */ = {isa = PBXFileReference; lastKnownFileType = sourcecode.swift; path = MailCheckViewController.swift; sourceTree = "<group>"; };
		D3F2C6F928B2879F00CEC549 /* SignUpViewController.swift */ = {isa = PBXFileReference; fileEncoding = 4; lastKnownFileType = sourcecode.swift; path = SignUpViewController.swift; sourceTree = "<group>"; };
/* End PBXFileReference section */

/* Begin PBXFrameworksBuildPhase section */
		72ED25A12897788900031AD1 /* Frameworks */ = {
			isa = PBXFrameworksBuildPhase;
			buildActionMask = 2147483647;
			files = (
				D3F2C6FF28B380C900CEC549 /* KakaoSDKCommon in Frameworks */,
				72ED25C128978AA400031AD1 /* SnapKit in Frameworks */,
				D3F2C70128B380C900CEC549 /* KakaoSDKShare in Frameworks */,
				D3F2C70528B380C900CEC549 /* KakaoSDKUser in Frameworks */,
				D3AFCE1A28A7F53D004FBAB9 /* Alamofire in Frameworks */,
				D3F2C6FD28B380C900CEC549 /* KakaoSDKAuth in Frameworks */,
				D3F2C70328B380C900CEC549 /* KakaoSDKTemplate in Frameworks */,
				3BB5D7AC18C8DF5E0DB6EDEC /* Pods_STUDYA.framework in Frameworks */,
			);
			runOnlyForDeploymentPostprocessing = 0;
		};
/* End PBXFrameworksBuildPhase section */

/* Begin PBXGroup section */
		72ED259B2897788900031AD1 = {
			isa = PBXGroup;
			children = (
				72ED25A62897788900031AD1 /* STUDYA */,
				72ED25A52897788900031AD1 /* Products */,
				CE1FB378DAB2943B6B34B4CF /* Pods */,
				E2C71478A3E60D54C78B36FC /* Frameworks */,
			);
			sourceTree = "<group>";
		};
		72ED25A52897788900031AD1 /* Products */ = {
			isa = PBXGroup;
			children = (
				72ED25A42897788900031AD1 /* STUDYA.app */,
			);
			name = Products;
			sourceTree = "<group>";
		};
		72ED25A62897788900031AD1 /* STUDYA */ = {
			isa = PBXGroup;
			children = (
				72ED25A72897788900031AD1 /* AppDelegate.swift */,
				72ED25A92897788900031AD1 /* SceneDelegate.swift */,
				72ED25AB2897788900031AD1 /* ViewController.swift */,
				72EECECA28C9A56500A23C27 /* Model.swift */,
				D34E4F5B291D3F6E00958557 /* Protocol.swift */,
				D3F0983D2914E25100D1E55F /* UBottomSheet.swift */,
				72ED25C42897FCFC00031AD1 /* FormViewModel.swift */,
				72ED25BB289778A200031AD1 /* Component.swift */,
				D3BF053528BF901700AF7D3B /* Formatter.swift */,
				D3EC2F3D289918B200D4DA18 /* WelcomeViewController.swift */,
				D3C23A5D28EDE685009B53B4 /* KeyChain.swift */,
				D3F2C6EC28B1207700CEC549 /* MailCheckViewController.swift */,
				72ED25C228978EBE00031AD1 /* SignInViewController.swift */,
				D3EC2F3F2899211200D4DA18 /* Constraint.swift */,
				D3F2C6F928B2879F00CEC549 /* SignUpViewController.swift */,
				721D8A4628A39F4C00829A2B /* CreatingStudyViewController.swift */,
				D335C67128A39E2600EEDD79 /* CreatingStudyRuleViewController.swift */,
				D3BF054128C0E9EC00AF7D3B /* StudyGeneralRuleViewController.swift */,
				D3BF054528C116DB00AF7D3B /* StudyGeneralRuleExcommunicationCollectionViewCell.swift */,
				D3BF054728C116FD00AF7D3B /* StudyGeneralRuleAttendanceCollectionViewCell.swift */,
				7299968F28C5BA510008A1C1 /* StudyGeneralRuleAttendanceTableViewController.swift */,
				7299968D28C1EEC00008A1C1 /* StudyFreeRuleViewController.swift */,
				72B5BE4C28D0A08C000137CD /* CreatingStudyCompleteViewController.swift */,
				D3EC2F45289A7F8400D4DA18 /* ProfileSettingViewController.swift */,
				72ED25BD289778CB00031AD1 /* Color.swift */,
				72ED25C62898B1E700031AD1 /* FindPasswordViewController.swift */,
				D37D8A4729081974004AF8E9 /* TabBarViewController.swift */,
				7299968728BE44090008A1C1 /* MainViewController.swift */,
				D394146028FDBAA7006E75C3 /* MainDropDownTableViewCell.swift */,
				D3C23A7228F9A7CD009B53B4 /* MainFirstAnnouncementTableViewCell.swift */,
				D3C23A7028F9A6C9009B53B4 /* MainSecondScheduleTableViewCell.swift */,
				D3C23A7428F9B418009B53B4 /* MainThirdButtonTableViewCell.swift */,
				D3C23A7628FA84DF009B53B4 /* MainFourthManagementTableViewCell.swift */,
				D314A1DC29053FDC00093C0E /* MainSpreadUpTableViewCell.swift */,
				7251262D28A8B49700D8DA76 /* FindPasswordCompleteViewController.swift */,
				D34E4F5D291D3F9A00958557 /* MemberViewController.swift */,
				D381A96C291EA744008A2102 /* MemberCollectionViewCell.swift */,
				D381A96A291EA72C008A2102 /* InviteMemberCollectionViewCell.swift */,
				721D8A4C28A4EA0100829A2B /* CategoryCell.swift */,
				7299967F28AF54190008A1C1 /* AnnouncementBoardViewController.swift */,
				7299968128AF5C480008A1C1 /* AnnouncementBoardTableViewCell.swift */,
				7299968328B09B110008A1C1 /* AnnouncementViewController.swift */,
				D3AFCE1628A7F3F4004FBAB9 /* Network.swift */,
				7299967B28A9FE6E0008A1C1 /* CustomAF.swift */,
				D314A1DA2905190100093C0E /* Extension.swift */,
				D3BF054B28C3C36700AF7D3B /* Notification.swift */,
				D3C23A5F28EDE7A1009B53B4 /* File.swift */,
				72F7CFA728F832D100E0D0C0 /* CalendarViewController.swift */,
				72F7CFAC28F834A800E0D0C0 /* CalendarBottomSheetViewController.swift */,
				7282F18128FFE7D2003EF100 /* ToDoCollectionViewCell.swift */,
				D314A1D82902931800093C0E /* ToDoItemTableViewCell.swift */,
				7282F18328FFE7DC003EF100 /* MyScheduleCollectionViewCell.swift */,
				7282F18328FFE7DC003EF100 /* ScheduleCollectionViewCell.swift */,
				726FA4622901A352004E49A9 /* ScheduleTableView.swift */,
				726FA4642901A496004E49A9 /* ScheduleTableViewCell.swift */,
				72F7CFAE28F83D0400E0D0C0 /* MyBottomSheetDataSource.swift */,
				D3C23A5F28EDE7A1009B53B4 /* Enum.swift */,
				72ED25AD2897788900031AD1 /* Main.storyboard */,
				72ED25B02897788A00031AD1 /* Assets.xcassets */,
				72ED25B22897788A00031AD1 /* LaunchScreen.storyboard */,
				72ED25B52897788A00031AD1 /* Info.plist */,
			);
			path = STUDYA;
			sourceTree = "<group>";
		};
		CE1FB378DAB2943B6B34B4CF /* Pods */ = {
			isa = PBXGroup;
			children = (
				60745814C03372860FF0B47B /* Pods-STUDYA.debug.xcconfig */,
				81E2B0CD3836144B365B9C77 /* Pods-STUDYA.release.xcconfig */,
			);
			path = Pods;
			sourceTree = "<group>";
		};
		E2C71478A3E60D54C78B36FC /* Frameworks */ = {
			isa = PBXGroup;
			children = (
				0E1788325FAC5728639BB995 /* Pods_STUDYA.framework */,
			);
			name = Frameworks;
			sourceTree = "<group>";
		};
/* End PBXGroup section */

/* Begin PBXNativeTarget section */
		72ED25A32897788900031AD1 /* STUDYA */ = {
			isa = PBXNativeTarget;
			buildConfigurationList = 72ED25B82897788A00031AD1 /* Build configuration list for PBXNativeTarget "STUDYA" */;
			buildPhases = (
				6C00C674107D25437A4A019C /* [CP] Check Pods Manifest.lock */,
				72ED25A02897788900031AD1 /* Sources */,
				72ED25A12897788900031AD1 /* Frameworks */,
				72ED25A22897788900031AD1 /* Resources */,
				66CE49C2B4ED6F88B2EE8A69 /* [CP] Embed Pods Frameworks */,
			);
			buildRules = (
			);
			dependencies = (
			);
			name = STUDYA;
			packageProductDependencies = (
				72ED25C028978AA400031AD1 /* SnapKit */,
				D3AFCE1928A7F53D004FBAB9 /* Alamofire */,
				D3F2C6FC28B380C900CEC549 /* KakaoSDKAuth */,
				D3F2C6FE28B380C900CEC549 /* KakaoSDKCommon */,
				D3F2C70028B380C900CEC549 /* KakaoSDKShare */,
				D3F2C70228B380C900CEC549 /* KakaoSDKTemplate */,
				D3F2C70428B380C900CEC549 /* KakaoSDKUser */,
			);
			productName = STUDYA;
			productReference = 72ED25A42897788900031AD1 /* STUDYA.app */;
			productType = "com.apple.product-type.application";
		};
/* End PBXNativeTarget section */

/* Begin PBXProject section */
		72ED259C2897788900031AD1 /* Project object */ = {
			isa = PBXProject;
			attributes = {
				BuildIndependentTargetsInParallel = 1;
				LastSwiftUpdateCheck = 1320;
				LastUpgradeCheck = 1320;
				TargetAttributes = {
					72ED25A32897788900031AD1 = {
						CreatedOnToolsVersion = 13.2.1;
					};
				};
			};
			buildConfigurationList = 72ED259F2897788900031AD1 /* Build configuration list for PBXProject "STUDYA" */;
			compatibilityVersion = "Xcode 13.0";
			developmentRegion = en;
			hasScannedForEncodings = 0;
			knownRegions = (
				en,
				Base,
			);
			mainGroup = 72ED259B2897788900031AD1;
			packageReferences = (
				72ED25BF28978AA400031AD1 /* XCRemoteSwiftPackageReference "SnapKit" */,
				D3AFCE1828A7F53D004FBAB9 /* XCRemoteSwiftPackageReference "Alamofire" */,
				D3F2C6FB28B380C900CEC549 /* XCRemoteSwiftPackageReference "kakao-ios-sdk" */,
			);
			productRefGroup = 72ED25A52897788900031AD1 /* Products */;
			projectDirPath = "";
			projectRoot = "";
			targets = (
				72ED25A32897788900031AD1 /* STUDYA */,
			);
		};
/* End PBXProject section */

/* Begin PBXResourcesBuildPhase section */
		72ED25A22897788900031AD1 /* Resources */ = {
			isa = PBXResourcesBuildPhase;
			buildActionMask = 2147483647;
			files = (
				72ED25B42897788A00031AD1 /* LaunchScreen.storyboard in Resources */,
				72ED25B12897788A00031AD1 /* Assets.xcassets in Resources */,
				72ED25AF2897788900031AD1 /* Main.storyboard in Resources */,
			);
			runOnlyForDeploymentPostprocessing = 0;
		};
/* End PBXResourcesBuildPhase section */

/* Begin PBXShellScriptBuildPhase section */
		66CE49C2B4ED6F88B2EE8A69 /* [CP] Embed Pods Frameworks */ = {
			isa = PBXShellScriptBuildPhase;
			buildActionMask = 2147483647;
			files = (
			);
			inputFileListPaths = (
				"${PODS_ROOT}/Target Support Files/Pods-STUDYA/Pods-STUDYA-frameworks-${CONFIGURATION}-input-files.xcfilelist",
			);
			name = "[CP] Embed Pods Frameworks";
			outputFileListPaths = (
				"${PODS_ROOT}/Target Support Files/Pods-STUDYA/Pods-STUDYA-frameworks-${CONFIGURATION}-output-files.xcfilelist",
			);
			runOnlyForDeploymentPostprocessing = 0;
			shellPath = /bin/sh;
			shellScript = "\"${PODS_ROOT}/Target Support Files/Pods-STUDYA/Pods-STUDYA-frameworks.sh\"\n";
			showEnvVarsInLog = 0;
		};
		6C00C674107D25437A4A019C /* [CP] Check Pods Manifest.lock */ = {
			isa = PBXShellScriptBuildPhase;
			buildActionMask = 2147483647;
			files = (
			);
			inputFileListPaths = (
			);
			inputPaths = (
				"${PODS_PODFILE_DIR_PATH}/Podfile.lock",
				"${PODS_ROOT}/Manifest.lock",
			);
			name = "[CP] Check Pods Manifest.lock";
			outputFileListPaths = (
			);
			outputPaths = (
				"$(DERIVED_FILE_DIR)/Pods-STUDYA-checkManifestLockResult.txt",
			);
			runOnlyForDeploymentPostprocessing = 0;
			shellPath = /bin/sh;
			shellScript = "diff \"${PODS_PODFILE_DIR_PATH}/Podfile.lock\" \"${PODS_ROOT}/Manifest.lock\" > /dev/null\nif [ $? != 0 ] ; then\n    # print error to STDERR\n    echo \"error: The sandbox is not in sync with the Podfile.lock. Run 'pod install' or update your CocoaPods installation.\" >&2\n    exit 1\nfi\n# This output is used by Xcode 'outputs' to avoid re-running this script phase.\necho \"SUCCESS\" > \"${SCRIPT_OUTPUT_FILE_0}\"\n";
			showEnvVarsInLog = 0;
		};
/* End PBXShellScriptBuildPhase section */

/* Begin PBXSourcesBuildPhase section */
		72ED25A02897788900031AD1 /* Sources */ = {
			isa = PBXSourcesBuildPhase;
			buildActionMask = 2147483647;
			files = (
				7299967C28A9FE6E0008A1C1 /* CustomAF.swift in Sources */,
				721D8A4D28A4EA0100829A2B /* CategoryCell.swift in Sources */,
				D3EC2F402899211200D4DA18 /* Constraint.swift in Sources */,
				72ED25C52897FCFC00031AD1 /* FormViewModel.swift in Sources */,
				D37D8A4829081974004AF8E9 /* TabBarViewController.swift in Sources */,
				D3BF054828C116FD00AF7D3B /* StudyGeneralRuleAttendanceCollectionViewCell.swift in Sources */,
				D381A96B291EA72C008A2102 /* InviteMemberCollectionViewCell.swift in Sources */,
				D3C23A7128F9A6CA009B53B4 /* MainSecondScheduleTableViewCell.swift in Sources */,
				D3C23A7528F9B418009B53B4 /* MainThirdButtonTableViewCell.swift in Sources */,
				7299968828BE44090008A1C1 /* MainViewController.swift in Sources */,
				D3EC2F3E289918B200D4DA18 /* WelcomeViewController.swift in Sources */,
				726FA4652901A496004E49A9 /* ScheduleTableViewCell.swift in Sources */,
				D3C23A5E28EDE685009B53B4 /* KeyChain.swift in Sources */,
				72ED25AC2897788900031AD1 /* ViewController.swift in Sources */,
				D3F2C6FA28B2879F00CEC549 /* SignUpViewController.swift in Sources */,
				7282F18428FFE7DC003EF100 /* ScheduleCollectionViewCell.swift in Sources */,
				D3C23A7328F9A7CD009B53B4 /* MainFirstAnnouncementTableViewCell.swift in Sources */,
				7299968E28C1EEC00008A1C1 /* StudyFreeRuleViewController.swift in Sources */,
				D314A1D92902931800093C0E /* ToDoItemTableViewCell.swift in Sources */,
				72F7CFAD28F834A800E0D0C0 /* CalendarBottomSheetViewController.swift in Sources */,
				D3AFCE1728A7F3F4004FBAB9 /* Network.swift in Sources */,
				D3BF053628BF901700AF7D3B /* Formatter.swift in Sources */,
				72ED25BC289778A200031AD1 /* Component.swift in Sources */,
				D3BF054628C116DB00AF7D3B /* StudyGeneralRuleExcommunicationCollectionViewCell.swift in Sources */,
				72ED25C328978EBE00031AD1 /* SignInViewController.swift in Sources */,
				72B5BE4D28D0A08C000137CD /* CreatingStudyCompleteViewController.swift in Sources */,
				72ED25C72898B1E700031AD1 /* FindPasswordViewController.swift in Sources */,
				72ED25A82897788900031AD1 /* AppDelegate.swift in Sources */,
				D394146128FDBAA7006E75C3 /* MainDropDownTableViewCell.swift in Sources */,
				D34E4F5E291D3F9A00958557 /* MemberViewController.swift in Sources */,
				D3C23A7728FA84DF009B53B4 /* MainFourthManagementTableViewCell.swift in Sources */,
				D34E4F5C291D3F6E00958557 /* Protocol.swift in Sources */,
				7299968228AF5C480008A1C1 /* AnnouncementBoardTableViewCell.swift in Sources */,
				D3EC2F46289A7F8400D4DA18 /* ProfileSettingViewController.swift in Sources */,
				72ED25BE289778CB00031AD1 /* Color.swift in Sources */,
				7299968028AF54190008A1C1 /* AnnouncementBoardViewController.swift in Sources */,
				72F7CFA828F832D100E0D0C0 /* CalendarViewController.swift in Sources */,
				D3F2C6ED28B1207700CEC549 /* MailCheckViewController.swift in Sources */,
				D314A1DD29053FDC00093C0E /* MainSpreadUpTableViewCell.swift in Sources */,
				7299969028C5BA510008A1C1 /* StudyGeneralRuleAttendanceTableViewController.swift in Sources */,
				D3F0983E2914E25100D1E55F /* UBottomSheet.swift in Sources */,
				72ED25AA2897788900031AD1 /* SceneDelegate.swift in Sources */,
				726FA4632901A352004E49A9 /* ScheduleTableView.swift in Sources */,
				7282F18228FFE7D2003EF100 /* ToDoCollectionViewCell.swift in Sources */,
				D314A1DB2905190100093C0E /* Extension.swift in Sources */,
				7299968428B09B110008A1C1 /* AnnouncementViewController.swift in Sources */,
				D3BF054328C0E9EC00AF7D3B /* StudyGeneralRuleViewController.swift in Sources */,
				D3C23A6028EDE7A1009B53B4 /* Enum.swift in Sources */,
				721D8A4728A39F4C00829A2B /* CreatingStudyViewController.swift in Sources */,
				72F7CFAF28F83D0500E0D0C0 /* MyBottomSheetDataSource.swift in Sources */,
				D335C67228A39E2600EEDD79 /* CreatingStudyRuleViewController.swift in Sources */,
				D381A96D291EA744008A2102 /* MemberCollectionViewCell.swift in Sources */,
				72EECECB28C9A56500A23C27 /* Model.swift in Sources */,
				D3BF054C28C3C36700AF7D3B /* Notification.swift in Sources */,
				7251262E28A8B49700D8DA76 /* FindPasswordCompleteViewController.swift in Sources */,
			);
			runOnlyForDeploymentPostprocessing = 0;
		};
/* End PBXSourcesBuildPhase section */

/* Begin PBXVariantGroup section */
		72ED25AD2897788900031AD1 /* Main.storyboard */ = {
			isa = PBXVariantGroup;
			children = (
				72ED25AE2897788900031AD1 /* Base */,
			);
			name = Main.storyboard;
			sourceTree = "<group>";
		};
		72ED25B22897788A00031AD1 /* LaunchScreen.storyboard */ = {
			isa = PBXVariantGroup;
			children = (
				72ED25B32897788A00031AD1 /* Base */,
			);
			name = LaunchScreen.storyboard;
			sourceTree = "<group>";
		};
/* End PBXVariantGroup section */

/* Begin XCBuildConfiguration section */
		72ED25B62897788A00031AD1 /* Debug */ = {
			isa = XCBuildConfiguration;
			buildSettings = {
				ALWAYS_SEARCH_USER_PATHS = NO;
				CLANG_ANALYZER_NONNULL = YES;
				CLANG_ANALYZER_NUMBER_OBJECT_CONVERSION = YES_AGGRESSIVE;
				CLANG_CXX_LANGUAGE_STANDARD = "gnu++17";
				CLANG_CXX_LIBRARY = "libc++";
				CLANG_ENABLE_MODULES = YES;
				CLANG_ENABLE_OBJC_ARC = YES;
				CLANG_ENABLE_OBJC_WEAK = YES;
				CLANG_WARN_BLOCK_CAPTURE_AUTORELEASING = YES;
				CLANG_WARN_BOOL_CONVERSION = YES;
				CLANG_WARN_COMMA = YES;
				CLANG_WARN_CONSTANT_CONVERSION = YES;
				CLANG_WARN_DEPRECATED_OBJC_IMPLEMENTATIONS = YES;
				CLANG_WARN_DIRECT_OBJC_ISA_USAGE = YES_ERROR;
				CLANG_WARN_DOCUMENTATION_COMMENTS = YES;
				CLANG_WARN_EMPTY_BODY = YES;
				CLANG_WARN_ENUM_CONVERSION = YES;
				CLANG_WARN_INFINITE_RECURSION = YES;
				CLANG_WARN_INT_CONVERSION = YES;
				CLANG_WARN_NON_LITERAL_NULL_CONVERSION = YES;
				CLANG_WARN_OBJC_IMPLICIT_RETAIN_SELF = YES;
				CLANG_WARN_OBJC_LITERAL_CONVERSION = YES;
				CLANG_WARN_OBJC_ROOT_CLASS = YES_ERROR;
				CLANG_WARN_QUOTED_INCLUDE_IN_FRAMEWORK_HEADER = YES;
				CLANG_WARN_RANGE_LOOP_ANALYSIS = YES;
				CLANG_WARN_STRICT_PROTOTYPES = YES;
				CLANG_WARN_SUSPICIOUS_MOVE = YES;
				CLANG_WARN_UNGUARDED_AVAILABILITY = YES_AGGRESSIVE;
				CLANG_WARN_UNREACHABLE_CODE = YES;
				CLANG_WARN__DUPLICATE_METHOD_MATCH = YES;
				COPY_PHASE_STRIP = NO;
				DEBUG_INFORMATION_FORMAT = dwarf;
				ENABLE_STRICT_OBJC_MSGSEND = YES;
				ENABLE_TESTABILITY = YES;
				GCC_C_LANGUAGE_STANDARD = gnu11;
				GCC_DYNAMIC_NO_PIC = NO;
				GCC_NO_COMMON_BLOCKS = YES;
				GCC_OPTIMIZATION_LEVEL = 0;
				GCC_PREPROCESSOR_DEFINITIONS = (
					"DEBUG=1",
					"$(inherited)",
				);
				GCC_WARN_64_TO_32_BIT_CONVERSION = YES;
				GCC_WARN_ABOUT_RETURN_TYPE = YES_ERROR;
				GCC_WARN_UNDECLARED_SELECTOR = YES;
				GCC_WARN_UNINITIALIZED_AUTOS = YES_AGGRESSIVE;
				GCC_WARN_UNUSED_FUNCTION = YES;
				GCC_WARN_UNUSED_VARIABLE = YES;
				IPHONEOS_DEPLOYMENT_TARGET = 16.0;
				MTL_ENABLE_DEBUG_INFO = INCLUDE_SOURCE;
				MTL_FAST_MATH = YES;
				ONLY_ACTIVE_ARCH = YES;
				SDKROOT = iphoneos;
				SWIFT_ACTIVE_COMPILATION_CONDITIONS = DEBUG;
				SWIFT_OPTIMIZATION_LEVEL = "-Onone";
			};
			name = Debug;
		};
		72ED25B72897788A00031AD1 /* Release */ = {
			isa = XCBuildConfiguration;
			buildSettings = {
				ALWAYS_SEARCH_USER_PATHS = NO;
				CLANG_ANALYZER_NONNULL = YES;
				CLANG_ANALYZER_NUMBER_OBJECT_CONVERSION = YES_AGGRESSIVE;
				CLANG_CXX_LANGUAGE_STANDARD = "gnu++17";
				CLANG_CXX_LIBRARY = "libc++";
				CLANG_ENABLE_MODULES = YES;
				CLANG_ENABLE_OBJC_ARC = YES;
				CLANG_ENABLE_OBJC_WEAK = YES;
				CLANG_WARN_BLOCK_CAPTURE_AUTORELEASING = YES;
				CLANG_WARN_BOOL_CONVERSION = YES;
				CLANG_WARN_COMMA = YES;
				CLANG_WARN_CONSTANT_CONVERSION = YES;
				CLANG_WARN_DEPRECATED_OBJC_IMPLEMENTATIONS = YES;
				CLANG_WARN_DIRECT_OBJC_ISA_USAGE = YES_ERROR;
				CLANG_WARN_DOCUMENTATION_COMMENTS = YES;
				CLANG_WARN_EMPTY_BODY = YES;
				CLANG_WARN_ENUM_CONVERSION = YES;
				CLANG_WARN_INFINITE_RECURSION = YES;
				CLANG_WARN_INT_CONVERSION = YES;
				CLANG_WARN_NON_LITERAL_NULL_CONVERSION = YES;
				CLANG_WARN_OBJC_IMPLICIT_RETAIN_SELF = YES;
				CLANG_WARN_OBJC_LITERAL_CONVERSION = YES;
				CLANG_WARN_OBJC_ROOT_CLASS = YES_ERROR;
				CLANG_WARN_QUOTED_INCLUDE_IN_FRAMEWORK_HEADER = YES;
				CLANG_WARN_RANGE_LOOP_ANALYSIS = YES;
				CLANG_WARN_STRICT_PROTOTYPES = YES;
				CLANG_WARN_SUSPICIOUS_MOVE = YES;
				CLANG_WARN_UNGUARDED_AVAILABILITY = YES_AGGRESSIVE;
				CLANG_WARN_UNREACHABLE_CODE = YES;
				CLANG_WARN__DUPLICATE_METHOD_MATCH = YES;
				COPY_PHASE_STRIP = NO;
				DEBUG_INFORMATION_FORMAT = "dwarf-with-dsym";
				ENABLE_NS_ASSERTIONS = NO;
				ENABLE_STRICT_OBJC_MSGSEND = YES;
				GCC_C_LANGUAGE_STANDARD = gnu11;
				GCC_NO_COMMON_BLOCKS = YES;
				GCC_WARN_64_TO_32_BIT_CONVERSION = YES;
				GCC_WARN_ABOUT_RETURN_TYPE = YES_ERROR;
				GCC_WARN_UNDECLARED_SELECTOR = YES;
				GCC_WARN_UNINITIALIZED_AUTOS = YES_AGGRESSIVE;
				GCC_WARN_UNUSED_FUNCTION = YES;
				GCC_WARN_UNUSED_VARIABLE = YES;
				IPHONEOS_DEPLOYMENT_TARGET = 16.0;
				MTL_ENABLE_DEBUG_INFO = NO;
				MTL_FAST_MATH = YES;
				SDKROOT = iphoneos;
				SWIFT_COMPILATION_MODE = wholemodule;
				SWIFT_OPTIMIZATION_LEVEL = "-O";
				VALIDATE_PRODUCT = YES;
			};
			name = Release;
		};
		72ED25B92897788A00031AD1 /* Debug */ = {
			isa = XCBuildConfiguration;
			baseConfigurationReference = 60745814C03372860FF0B47B /* Pods-STUDYA.debug.xcconfig */;
			buildSettings = {
				ASSETCATALOG_COMPILER_APPICON_NAME = AppIcon;
				ASSETCATALOG_COMPILER_GLOBAL_ACCENT_COLOR_NAME = AccentColor;
				CODE_SIGN_STYLE = Automatic;
				CURRENT_PROJECT_VERSION = 1;
				DEVELOPMENT_TEAM = G8228CR939;
				GENERATE_INFOPLIST_FILE = YES;
				INFOPLIST_FILE = STUDYA/Info.plist;
				INFOPLIST_KEY_NSPhotoLibraryUsageDescription = "PEOPLES의 프로필 사진 변경 기능 이용을 위해 사진 라이브러리에 접근하도록 허용합니다.";
				INFOPLIST_KEY_UIApplicationSupportsIndirectInputEvents = YES;
				INFOPLIST_KEY_UILaunchStoryboardName = LaunchScreen;
				INFOPLIST_KEY_UIMainStoryboardFile = Main;
				INFOPLIST_KEY_UISupportedInterfaceOrientations_iPad = "UIInterfaceOrientationPortrait UIInterfaceOrientationPortraitUpsideDown UIInterfaceOrientationLandscapeLeft UIInterfaceOrientationLandscapeRight";
				INFOPLIST_KEY_UISupportedInterfaceOrientations_iPhone = "UIInterfaceOrientationPortrait UIInterfaceOrientationLandscapeLeft UIInterfaceOrientationLandscapeRight";
				LD_RUNPATH_SEARCH_PATHS = (
					"$(inherited)",
					"@executable_path/Frameworks",
				);
				MARKETING_VERSION = 1.0;
				PRODUCT_BUNDLE_IDENTIFIER = com.PeoplesStudy;
				PRODUCT_NAME = "$(TARGET_NAME)";
				SWIFT_EMIT_LOC_STRINGS = YES;
				SWIFT_VERSION = 5.0;
				TARGETED_DEVICE_FAMILY = "1,2";
			};
			name = Debug;
		};
		72ED25BA2897788A00031AD1 /* Release */ = {
			isa = XCBuildConfiguration;
			baseConfigurationReference = 81E2B0CD3836144B365B9C77 /* Pods-STUDYA.release.xcconfig */;
			buildSettings = {
				ASSETCATALOG_COMPILER_APPICON_NAME = AppIcon;
				ASSETCATALOG_COMPILER_GLOBAL_ACCENT_COLOR_NAME = AccentColor;
				CODE_SIGN_STYLE = Automatic;
				CURRENT_PROJECT_VERSION = 1;
				DEVELOPMENT_TEAM = G8228CR939;
				GENERATE_INFOPLIST_FILE = YES;
				INFOPLIST_FILE = STUDYA/Info.plist;
				INFOPLIST_KEY_NSPhotoLibraryUsageDescription = "PEOPLES의 프로필 사진 변경 기능 이용을 위해 사진 라이브러리에 접근하도록 허용합니다.";
				INFOPLIST_KEY_UIApplicationSupportsIndirectInputEvents = YES;
				INFOPLIST_KEY_UILaunchStoryboardName = LaunchScreen;
				INFOPLIST_KEY_UIMainStoryboardFile = Main;
				INFOPLIST_KEY_UISupportedInterfaceOrientations_iPad = "UIInterfaceOrientationPortrait UIInterfaceOrientationPortraitUpsideDown UIInterfaceOrientationLandscapeLeft UIInterfaceOrientationLandscapeRight";
				INFOPLIST_KEY_UISupportedInterfaceOrientations_iPhone = "UIInterfaceOrientationPortrait UIInterfaceOrientationLandscapeLeft UIInterfaceOrientationLandscapeRight";
				LD_RUNPATH_SEARCH_PATHS = (
					"$(inherited)",
					"@executable_path/Frameworks",
				);
				MARKETING_VERSION = 1.0;
				PRODUCT_BUNDLE_IDENTIFIER = com.PeoplesStudy;
				PRODUCT_NAME = "$(TARGET_NAME)";
				SWIFT_EMIT_LOC_STRINGS = YES;
				SWIFT_VERSION = 5.0;
				TARGETED_DEVICE_FAMILY = "1,2";
			};
			name = Release;
		};
/* End XCBuildConfiguration section */

/* Begin XCConfigurationList section */
		72ED259F2897788900031AD1 /* Build configuration list for PBXProject "STUDYA" */ = {
			isa = XCConfigurationList;
			buildConfigurations = (
				72ED25B62897788A00031AD1 /* Debug */,
				72ED25B72897788A00031AD1 /* Release */,
			);
			defaultConfigurationIsVisible = 0;
			defaultConfigurationName = Release;
		};
		72ED25B82897788A00031AD1 /* Build configuration list for PBXNativeTarget "STUDYA" */ = {
			isa = XCConfigurationList;
			buildConfigurations = (
				72ED25B92897788A00031AD1 /* Debug */,
				72ED25BA2897788A00031AD1 /* Release */,
			);
			defaultConfigurationIsVisible = 0;
			defaultConfigurationName = Release;
		};
/* End XCConfigurationList section */

/* Begin XCRemoteSwiftPackageReference section */
		72ED25BF28978AA400031AD1 /* XCRemoteSwiftPackageReference "SnapKit" */ = {
			isa = XCRemoteSwiftPackageReference;
			repositoryURL = "https://github.com/SnapKit/SnapKit.git";
			requirement = {
				kind = upToNextMajorVersion;
				minimumVersion = 5.0.0;
			};
		};
		D3AFCE1828A7F53D004FBAB9 /* XCRemoteSwiftPackageReference "Alamofire" */ = {
			isa = XCRemoteSwiftPackageReference;
			repositoryURL = "https://github.com/Alamofire/Alamofire";
			requirement = {
				kind = upToNextMajorVersion;
				minimumVersion = 5.0.0;
			};
		};
		D3F2C6FB28B380C900CEC549 /* XCRemoteSwiftPackageReference "kakao-ios-sdk" */ = {
			isa = XCRemoteSwiftPackageReference;
			repositoryURL = "https://github.com/kakao/kakao-ios-sdk";
			requirement = {
				branch = master;
				kind = branch;
			};
		};
/* End XCRemoteSwiftPackageReference section */

/* Begin XCSwiftPackageProductDependency section */
		72ED25C028978AA400031AD1 /* SnapKit */ = {
			isa = XCSwiftPackageProductDependency;
			package = 72ED25BF28978AA400031AD1 /* XCRemoteSwiftPackageReference "SnapKit" */;
			productName = SnapKit;
		};
		D3AFCE1928A7F53D004FBAB9 /* Alamofire */ = {
			isa = XCSwiftPackageProductDependency;
			package = D3AFCE1828A7F53D004FBAB9 /* XCRemoteSwiftPackageReference "Alamofire" */;
			productName = Alamofire;
		};
		D3F2C6FC28B380C900CEC549 /* KakaoSDKAuth */ = {
			isa = XCSwiftPackageProductDependency;
			package = D3F2C6FB28B380C900CEC549 /* XCRemoteSwiftPackageReference "kakao-ios-sdk" */;
			productName = KakaoSDKAuth;
		};
		D3F2C6FE28B380C900CEC549 /* KakaoSDKCommon */ = {
			isa = XCSwiftPackageProductDependency;
			package = D3F2C6FB28B380C900CEC549 /* XCRemoteSwiftPackageReference "kakao-ios-sdk" */;
			productName = KakaoSDKCommon;
		};
		D3F2C70028B380C900CEC549 /* KakaoSDKShare */ = {
			isa = XCSwiftPackageProductDependency;
			package = D3F2C6FB28B380C900CEC549 /* XCRemoteSwiftPackageReference "kakao-ios-sdk" */;
			productName = KakaoSDKShare;
		};
		D3F2C70228B380C900CEC549 /* KakaoSDKTemplate */ = {
			isa = XCSwiftPackageProductDependency;
			package = D3F2C6FB28B380C900CEC549 /* XCRemoteSwiftPackageReference "kakao-ios-sdk" */;
			productName = KakaoSDKTemplate;
		};
		D3F2C70428B380C900CEC549 /* KakaoSDKUser */ = {
			isa = XCSwiftPackageProductDependency;
			package = D3F2C6FB28B380C900CEC549 /* XCRemoteSwiftPackageReference "kakao-ios-sdk" */;
			productName = KakaoSDKUser;
		};
/* End XCSwiftPackageProductDependency section */
	};
	rootObject = 72ED259C2897788900031AD1 /* Project object */;
}
