// !$*UTF8*$!
{
	archiveVersion = 1;
	classes = {
	};
	objectVersion = 55;
	objects = {

/* Begin PBXBuildFile section */
		721D8A4728A39F4C00829A2B /* CreatingStudyViewController.swift in Sources */ = {isa = PBXBuildFile; fileRef = 721D8A4628A39F4C00829A2B /* CreatingStudyViewController.swift */; };
		721D8A4D28A4EA0100829A2B /* CategoryCell.swift in Sources */ = {isa = PBXBuildFile; fileRef = 721D8A4C28A4EA0100829A2B /* CategoryCell.swift */; };
		72ED25A82897788900031AD1 /* AppDelegate.swift in Sources */ = {isa = PBXBuildFile; fileRef = 72ED25A72897788900031AD1 /* AppDelegate.swift */; };
		72ED25AA2897788900031AD1 /* SceneDelegate.swift in Sources */ = {isa = PBXBuildFile; fileRef = 72ED25A92897788900031AD1 /* SceneDelegate.swift */; };
		72ED25AC2897788900031AD1 /* ViewController.swift in Sources */ = {isa = PBXBuildFile; fileRef = 72ED25AB2897788900031AD1 /* ViewController.swift */; };
		72ED25AF2897788900031AD1 /* Main.storyboard in Resources */ = {isa = PBXBuildFile; fileRef = 72ED25AD2897788900031AD1 /* Main.storyboard */; };
		72ED25B12897788A00031AD1 /* Assets.xcassets in Resources */ = {isa = PBXBuildFile; fileRef = 72ED25B02897788A00031AD1 /* Assets.xcassets */; };
		72ED25B42897788A00031AD1 /* LaunchScreen.storyboard in Resources */ = {isa = PBXBuildFile; fileRef = 72ED25B22897788A00031AD1 /* LaunchScreen.storyboard */; };
		72ED25BC289778A200031AD1 /* Component.swift in Sources */ = {isa = PBXBuildFile; fileRef = 72ED25BB289778A200031AD1 /* Component.swift */; };
		72ED25BE289778CB00031AD1 /* Color.swift in Sources */ = {isa = PBXBuildFile; fileRef = 72ED25BD289778CB00031AD1 /* Color.swift */; };
		72ED25C128978AA400031AD1 /* SnapKit in Frameworks */ = {isa = PBXBuildFile; productRef = 72ED25C028978AA400031AD1 /* SnapKit */; };
		72ED25C328978EBE00031AD1 /* SignInViewController.swift in Sources */ = {isa = PBXBuildFile; fileRef = 72ED25C228978EBE00031AD1 /* SignInViewController.swift */; };
		72ED25C52897FCFC00031AD1 /* AuthenticationViewModel.swift in Sources */ = {isa = PBXBuildFile; fileRef = 72ED25C42897FCFC00031AD1 /* AuthenticationViewModel.swift */; };
		72ED25C72898B1E700031AD1 /* FindPasswordViewController.swift in Sources */ = {isa = PBXBuildFile; fileRef = 72ED25C62898B1E700031AD1 /* FindPasswordViewController.swift */; };
		72ED25CD2899499200031AD1 /* FindPasswordCompleteViewController.swift in Sources */ = {isa = PBXBuildFile; fileRef = 72ED25CC2899499200031AD1 /* FindPasswordCompleteViewController.swift */; };
		D352B1E3289BFB4F0035E3BB /* ProfileSettingView.swift in Sources */ = {isa = PBXBuildFile; fileRef = D352B1E2289BFB4F0035E3BB /* ProfileSettingView.swift */; };
		D3B19AED289CFDA600C842B1 /* MemberJoiningViewController.swift in Sources */ = {isa = PBXBuildFile; fileRef = D3B19AEC289CFDA600C842B1 /* MemberJoiningViewController.swift */; };
		D3EC2F3E289918B200D4DA18 /* WelcomeViewController.swift in Sources */ = {isa = PBXBuildFile; fileRef = D3EC2F3D289918B200D4DA18 /* WelcomeViewController.swift */; };
		D3EC2F402899211200D4DA18 /* Constraint.swift in Sources */ = {isa = PBXBuildFile; fileRef = D3EC2F3F2899211200D4DA18 /* Constraint.swift */; };
		D3EC2F46289A7F8400D4DA18 /* ProfileSettingViewController.swift in Sources */ = {isa = PBXBuildFile; fileRef = D3EC2F45289A7F8400D4DA18 /* ProfileSettingViewController.swift */; };
/* End PBXBuildFile section */

/* Begin PBXFileReference section */
		721D8A4628A39F4C00829A2B /* CreatingStudyViewController.swift */ = {isa = PBXFileReference; lastKnownFileType = sourcecode.swift; path = CreatingStudyViewController.swift; sourceTree = "<group>"; };
		721D8A4C28A4EA0100829A2B /* CategoryCell.swift */ = {isa = PBXFileReference; fileEncoding = 4; lastKnownFileType = sourcecode.swift; path = CategoryCell.swift; sourceTree = "<group>"; };
		72ED25A42897788900031AD1 /* STUDYA.app */ = {isa = PBXFileReference; explicitFileType = wrapper.application; includeInIndex = 0; path = STUDYA.app; sourceTree = BUILT_PRODUCTS_DIR; };
		72ED25A72897788900031AD1 /* AppDelegate.swift */ = {isa = PBXFileReference; lastKnownFileType = sourcecode.swift; path = AppDelegate.swift; sourceTree = "<group>"; };
		72ED25A92897788900031AD1 /* SceneDelegate.swift */ = {isa = PBXFileReference; lastKnownFileType = sourcecode.swift; path = SceneDelegate.swift; sourceTree = "<group>"; };
		72ED25AB2897788900031AD1 /* ViewController.swift */ = {isa = PBXFileReference; lastKnownFileType = sourcecode.swift; path = ViewController.swift; sourceTree = "<group>"; };
		72ED25AE2897788900031AD1 /* Base */ = {isa = PBXFileReference; lastKnownFileType = file.storyboard; name = Base; path = Base.lproj/Main.storyboard; sourceTree = "<group>"; };
		72ED25B02897788A00031AD1 /* Assets.xcassets */ = {isa = PBXFileReference; lastKnownFileType = folder.assetcatalog; path = Assets.xcassets; sourceTree = "<group>"; };
		72ED25B32897788A00031AD1 /* Base */ = {isa = PBXFileReference; lastKnownFileType = file.storyboard; name = Base; path = Base.lproj/LaunchScreen.storyboard; sourceTree = "<group>"; };
		72ED25B52897788A00031AD1 /* Info.plist */ = {isa = PBXFileReference; lastKnownFileType = text.plist.xml; path = Info.plist; sourceTree = "<group>"; };
		72ED25BB289778A200031AD1 /* Component.swift */ = {isa = PBXFileReference; lastKnownFileType = sourcecode.swift; path = Component.swift; sourceTree = "<group>"; };
		72ED25BD289778CB00031AD1 /* Color.swift */ = {isa = PBXFileReference; lastKnownFileType = sourcecode.swift; path = Color.swift; sourceTree = "<group>"; };
		72ED25C228978EBE00031AD1 /* SignInViewController.swift */ = {isa = PBXFileReference; lastKnownFileType = sourcecode.swift; path = SignInViewController.swift; sourceTree = "<group>"; };
		72ED25C42897FCFC00031AD1 /* AuthenticationViewModel.swift */ = {isa = PBXFileReference; lastKnownFileType = sourcecode.swift; path = AuthenticationViewModel.swift; sourceTree = "<group>"; };
		72ED25C62898B1E700031AD1 /* FindPasswordViewController.swift */ = {isa = PBXFileReference; lastKnownFileType = sourcecode.swift; path = FindPasswordViewController.swift; sourceTree = "<group>"; };
		72ED25CC2899499200031AD1 /* FindPasswordCompleteViewController.swift */ = {isa = PBXFileReference; lastKnownFileType = sourcecode.swift; path = FindPasswordCompleteViewController.swift; sourceTree = "<group>"; };
		D352B1E2289BFB4F0035E3BB /* ProfileSettingView.swift */ = {isa = PBXFileReference; lastKnownFileType = sourcecode.swift; path = ProfileSettingView.swift; sourceTree = "<group>"; };
		D3B19AEC289CFDA600C842B1 /* MemberJoiningViewController.swift */ = {isa = PBXFileReference; lastKnownFileType = sourcecode.swift; path = MemberJoiningViewController.swift; sourceTree = "<group>"; };
		D3EC2F3D289918B200D4DA18 /* WelcomeViewController.swift */ = {isa = PBXFileReference; lastKnownFileType = sourcecode.swift; path = WelcomeViewController.swift; sourceTree = "<group>"; };
		D3EC2F3F2899211200D4DA18 /* Constraint.swift */ = {isa = PBXFileReference; lastKnownFileType = sourcecode.swift; path = Constraint.swift; sourceTree = "<group>"; };
		D3EC2F45289A7F8400D4DA18 /* ProfileSettingViewController.swift */ = {isa = PBXFileReference; lastKnownFileType = sourcecode.swift; path = ProfileSettingViewController.swift; sourceTree = "<group>"; };
/* End PBXFileReference section */

/* Begin PBXFrameworksBuildPhase section */
		72ED25A12897788900031AD1 /* Frameworks */ = {
			isa = PBXFrameworksBuildPhase;
			buildActionMask = 2147483647;
			files = (
				72ED25C128978AA400031AD1 /* SnapKit in Frameworks */,
			);
			runOnlyForDeploymentPostprocessing = 0;
		};
/* End PBXFrameworksBuildPhase section */

/* Begin PBXGroup section */
		72ED259B2897788900031AD1 = {
			isa = PBXGroup;
			children = (
				72ED25A62897788900031AD1 /* STUDYA */,
				72ED25A52897788900031AD1 /* Products */,
			);
			sourceTree = "<group>";
		};
		72ED25A52897788900031AD1 /* Products */ = {
			isa = PBXGroup;
			children = (
				72ED25A42897788900031AD1 /* STUDYA.app */,
			);
			name = Products;
			sourceTree = "<group>";
		};
		72ED25A62897788900031AD1 /* STUDYA */ = {
			isa = PBXGroup;
			children = (
				72ED25A72897788900031AD1 /* AppDelegate.swift */,
				72ED25A92897788900031AD1 /* SceneDelegate.swift */,
				72ED25AB2897788900031AD1 /* ViewController.swift */,
				72ED25BB289778A200031AD1 /* Component.swift */,
				D3EC2F3D289918B200D4DA18 /* WelcomeViewController.swift */,
				D3B19AEC289CFDA600C842B1 /* MemberJoiningViewController.swift */,
				72ED25C228978EBE00031AD1 /* SignInViewController.swift */,
				D3EC2F3F2899211200D4DA18 /* Constraint.swift */,
				72ED25C42897FCFC00031AD1 /* AuthenticationViewModel.swift */,
				D3EC2F45289A7F8400D4DA18 /* ProfileSettingViewController.swift */,
				D352B1E2289BFB4F0035E3BB /* ProfileSettingView.swift */,
				72ED25BD289778CB00031AD1 /* Color.swift */,
				72ED25C62898B1E700031AD1 /* FindPasswordViewController.swift */,
				72ED25CC2899499200031AD1 /* FindPasswordCompleteViewController.swift */,
				721D8A4628A39F4C00829A2B /* CreatingStudyViewController.swift */,
				721D8A4C28A4EA0100829A2B /* CategoryCell.swift */,
				72ED25AD2897788900031AD1 /* Main.storyboard */,
				72ED25B02897788A00031AD1 /* Assets.xcassets */,
				72ED25B22897788A00031AD1 /* LaunchScreen.storyboard */,
				72ED25B52897788A00031AD1 /* Info.plist */,
			);
			path = STUDYA;
			sourceTree = "<group>";
		};
/* End PBXGroup section */

/* Begin PBXNativeTarget section */
		72ED25A32897788900031AD1 /* STUDYA */ = {
			isa = PBXNativeTarget;
			buildConfigurationList = 72ED25B82897788A00031AD1 /* Build configuration list for PBXNativeTarget "STUDYA" */;
			buildPhases = (
				72ED25A02897788900031AD1 /* Sources */,
				72ED25A12897788900031AD1 /* Frameworks */,
				72ED25A22897788900031AD1 /* Resources */,
			);
			buildRules = (
			);
			dependencies = (
			);
			name = STUDYA;
			packageProductDependencies = (
				72ED25C028978AA400031AD1 /* SnapKit */,
			);
			productName = STUDYA;
			productReference = 72ED25A42897788900031AD1 /* STUDYA.app */;
			productType = "com.apple.product-type.application";
		};
/* End PBXNativeTarget section */

/* Begin PBXProject section */
		72ED259C2897788900031AD1 /* Project object */ = {
			isa = PBXProject;
			attributes = {
				BuildIndependentTargetsInParallel = 1;
				LastSwiftUpdateCheck = 1320;
				LastUpgradeCheck = 1320;
				TargetAttributes = {
					72ED25A32897788900031AD1 = {
						CreatedOnToolsVersion = 13.2.1;
					};
				};
			};
			buildConfigurationList = 72ED259F2897788900031AD1 /* Build configuration list for PBXProject "STUDYA" */;
			compatibilityVersion = "Xcode 13.0";
			developmentRegion = en;
			hasScannedForEncodings = 0;
			knownRegions = (
				en,
				Base,
			);
			mainGroup = 72ED259B2897788900031AD1;
			packageReferences = (
				72ED25BF28978AA400031AD1 /* XCRemoteSwiftPackageReference "SnapKit" */,
			);
			productRefGroup = 72ED25A52897788900031AD1 /* Products */;
			projectDirPath = "";
			projectRoot = "";
			targets = (
				72ED25A32897788900031AD1 /* STUDYA */,
			);
		};
/* End PBXProject section */

/* Begin PBXResourcesBuildPhase section */
		72ED25A22897788900031AD1 /* Resources */ = {
			isa = PBXResourcesBuildPhase;
			buildActionMask = 2147483647;
			files = (
				72ED25B42897788A00031AD1 /* LaunchScreen.storyboard in Resources */,
				72ED25B12897788A00031AD1 /* Assets.xcassets in Resources */,
				72ED25AF2897788900031AD1 /* Main.storyboard in Resources */,
			);
			runOnlyForDeploymentPostprocessing = 0;
		};
/* End PBXResourcesBuildPhase section */

/* Begin PBXSourcesBuildPhase section */
		72ED25A02897788900031AD1 /* Sources */ = {
			isa = PBXSourcesBuildPhase;
			buildActionMask = 2147483647;
			files = (
				721D8A4D28A4EA0100829A2B /* CategoryCell.swift in Sources */,
				D3EC2F402899211200D4DA18 /* Constraint.swift in Sources */,
				72ED25C52897FCFC00031AD1 /* AuthenticationViewModel.swift in Sources */,
				D3EC2F3E289918B200D4DA18 /* WelcomeViewController.swift in Sources */,
				72ED25AC2897788900031AD1 /* ViewController.swift in Sources */,
				72ED25BC289778A200031AD1 /* Component.swift in Sources */,
				72ED25C328978EBE00031AD1 /* SignInViewController.swift in Sources */,
				D352B1E3289BFB4F0035E3BB /* ProfileSettingView.swift in Sources */,
				72ED25C72898B1E700031AD1 /* FindPasswordViewController.swift in Sources */,
				72ED25A82897788900031AD1 /* AppDelegate.swift in Sources */,
				D3EC2F46289A7F8400D4DA18 /* ProfileSettingViewController.swift in Sources */,
				72ED25BE289778CB00031AD1 /* Color.swift in Sources */,
				D3B19AED289CFDA600C842B1 /* MemberJoiningViewController.swift in Sources */,
				72ED25AA2897788900031AD1 /* SceneDelegate.swift in Sources */,
				72ED25CD2899499200031AD1 /* FindPasswordCompleteViewController.swift in Sources */,
				721D8A4728A39F4C00829A2B /* CreatingStudyViewController.swift in Sources */,
			);
			runOnlyForDeploymentPostprocessing = 0;
		};
/* End PBXSourcesBuildPhase section */

/* Begin PBXVariantGroup section */
		72ED25AD2897788900031AD1 /* Main.storyboard */ = {
			isa = PBXVariantGroup;
			children = (
				72ED25AE2897788900031AD1 /* Base */,
			);
			name = Main.storyboard;
			sourceTree = "<group>";
		};
		72ED25B22897788A00031AD1 /* LaunchScreen.storyboard */ = {
			isa = PBXVariantGroup;
			children = (
				72ED25B32897788A00031AD1 /* Base */,
			);
			name = LaunchScreen.storyboard;
			sourceTree = "<group>";
		};
/* End PBXVariantGroup section */

/* Begin XCBuildConfiguration section */
		72ED25B62897788A00031AD1 /* Debug */ = {
			isa = XCBuildConfiguration;
			buildSettings = {
				ALWAYS_SEARCH_USER_PATHS = NO;
				CLANG_ANALYZER_NONNULL = YES;
				CLANG_ANALYZER_NUMBER_OBJECT_CONVERSION = YES_AGGRESSIVE;
				CLANG_CXX_LANGUAGE_STANDARD = "gnu++17";
				CLANG_CXX_LIBRARY = "libc++";
				CLANG_ENABLE_MODULES = YES;
				CLANG_ENABLE_OBJC_ARC = YES;
				CLANG_ENABLE_OBJC_WEAK = YES;
				CLANG_WARN_BLOCK_CAPTURE_AUTORELEASING = YES;
				CLANG_WARN_BOOL_CONVERSION = YES;
				CLANG_WARN_COMMA = YES;
				CLANG_WARN_CONSTANT_CONVERSION = YES;
				CLANG_WARN_DEPRECATED_OBJC_IMPLEMENTATIONS = YES;
				CLANG_WARN_DIRECT_OBJC_ISA_USAGE = YES_ERROR;
				CLANG_WARN_DOCUMENTATION_COMMENTS = YES;
				CLANG_WARN_EMPTY_BODY = YES;
				CLANG_WARN_ENUM_CONVERSION = YES;
				CLANG_WARN_INFINITE_RECURSION = YES;
				CLANG_WARN_INT_CONVERSION = YES;
				CLANG_WARN_NON_LITERAL_NULL_CONVERSION = YES;
				CLANG_WARN_OBJC_IMPLICIT_RETAIN_SELF = YES;
				CLANG_WARN_OBJC_LITERAL_CONVERSION = YES;
				CLANG_WARN_OBJC_ROOT_CLASS = YES_ERROR;
				CLANG_WARN_QUOTED_INCLUDE_IN_FRAMEWORK_HEADER = YES;
				CLANG_WARN_RANGE_LOOP_ANALYSIS = YES;
				CLANG_WARN_STRICT_PROTOTYPES = YES;
				CLANG_WARN_SUSPICIOUS_MOVE = YES;
				CLANG_WARN_UNGUARDED_AVAILABILITY = YES_AGGRESSIVE;
				CLANG_WARN_UNREACHABLE_CODE = YES;
				CLANG_WARN__DUPLICATE_METHOD_MATCH = YES;
				COPY_PHASE_STRIP = NO;
				DEBUG_INFORMATION_FORMAT = dwarf;
				ENABLE_STRICT_OBJC_MSGSEND = YES;
				ENABLE_TESTABILITY = YES;
				GCC_C_LANGUAGE_STANDARD = gnu11;
				GCC_DYNAMIC_NO_PIC = NO;
				GCC_NO_COMMON_BLOCKS = YES;
				GCC_OPTIMIZATION_LEVEL = 0;
				GCC_PREPROCESSOR_DEFINITIONS = (
					"DEBUG=1",
					"$(inherited)",
				);
				GCC_WARN_64_TO_32_BIT_CONVERSION = YES;
				GCC_WARN_ABOUT_RETURN_TYPE = YES_ERROR;
				GCC_WARN_UNDECLARED_SELECTOR = YES;
				GCC_WARN_UNINITIALIZED_AUTOS = YES_AGGRESSIVE;
				GCC_WARN_UNUSED_FUNCTION = YES;
				GCC_WARN_UNUSED_VARIABLE = YES;
				IPHONEOS_DEPLOYMENT_TARGET = 15.2;
				MTL_ENABLE_DEBUG_INFO = INCLUDE_SOURCE;
				MTL_FAST_MATH = YES;
				ONLY_ACTIVE_ARCH = YES;
				SDKROOT = iphoneos;
				SWIFT_ACTIVE_COMPILATION_CONDITIONS = DEBUG;
				SWIFT_OPTIMIZATION_LEVEL = "-Onone";
			};
			name = Debug;
		};
		72ED25B72897788A00031AD1 /* Release */ = {
			isa = XCBuildConfiguration;
			buildSettings = {
				ALWAYS_SEARCH_USER_PATHS = NO;
				CLANG_ANALYZER_NONNULL = YES;
				CLANG_ANALYZER_NUMBER_OBJECT_CONVERSION = YES_AGGRESSIVE;
				CLANG_CXX_LANGUAGE_STANDARD = "gnu++17";
				CLANG_CXX_LIBRARY = "libc++";
				CLANG_ENABLE_MODULES = YES;
				CLANG_ENABLE_OBJC_ARC = YES;
				CLANG_ENABLE_OBJC_WEAK = YES;
				CLANG_WARN_BLOCK_CAPTURE_AUTORELEASING = YES;
				CLANG_WARN_BOOL_CONVERSION = YES;
				CLANG_WARN_COMMA = YES;
				CLANG_WARN_CONSTANT_CONVERSION = YES;
				CLANG_WARN_DEPRECATED_OBJC_IMPLEMENTATIONS = YES;
				CLANG_WARN_DIRECT_OBJC_ISA_USAGE = YES_ERROR;
				CLANG_WARN_DOCUMENTATION_COMMENTS = YES;
				CLANG_WARN_EMPTY_BODY = YES;
				CLANG_WARN_ENUM_CONVERSION = YES;
				CLANG_WARN_INFINITE_RECURSION = YES;
				CLANG_WARN_INT_CONVERSION = YES;
				CLANG_WARN_NON_LITERAL_NULL_CONVERSION = YES;
				CLANG_WARN_OBJC_IMPLICIT_RETAIN_SELF = YES;
				CLANG_WARN_OBJC_LITERAL_CONVERSION = YES;
				CLANG_WARN_OBJC_ROOT_CLASS = YES_ERROR;
				CLANG_WARN_QUOTED_INCLUDE_IN_FRAMEWORK_HEADER = YES;
				CLANG_WARN_RANGE_LOOP_ANALYSIS = YES;
				CLANG_WARN_STRICT_PROTOTYPES = YES;
				CLANG_WARN_SUSPICIOUS_MOVE = YES;
				CLANG_WARN_UNGUARDED_AVAILABILITY = YES_AGGRESSIVE;
				CLANG_WARN_UNREACHABLE_CODE = YES;
				CLANG_WARN__DUPLICATE_METHOD_MATCH = YES;
				COPY_PHASE_STRIP = NO;
				DEBUG_INFORMATION_FORMAT = "dwarf-with-dsym";
				ENABLE_NS_ASSERTIONS = NO;
				ENABLE_STRICT_OBJC_MSGSEND = YES;
				GCC_C_LANGUAGE_STANDARD = gnu11;
				GCC_NO_COMMON_BLOCKS = YES;
				GCC_WARN_64_TO_32_BIT_CONVERSION = YES;
				GCC_WARN_ABOUT_RETURN_TYPE = YES_ERROR;
				GCC_WARN_UNDECLARED_SELECTOR = YES;
				GCC_WARN_UNINITIALIZED_AUTOS = YES_AGGRESSIVE;
				GCC_WARN_UNUSED_FUNCTION = YES;
				GCC_WARN_UNUSED_VARIABLE = YES;
				IPHONEOS_DEPLOYMENT_TARGET = 15.2;
				MTL_ENABLE_DEBUG_INFO = NO;
				MTL_FAST_MATH = YES;
				SDKROOT = iphoneos;
				SWIFT_COMPILATION_MODE = wholemodule;
				SWIFT_OPTIMIZATION_LEVEL = "-O";
				VALIDATE_PRODUCT = YES;
			};
			name = Release;
		};
		72ED25B92897788A00031AD1 /* Debug */ = {
			isa = XCBuildConfiguration;
			buildSettings = {
				ASSETCATALOG_COMPILER_APPICON_NAME = AppIcon;
				ASSETCATALOG_COMPILER_GLOBAL_ACCENT_COLOR_NAME = AccentColor;
				CODE_SIGN_STYLE = Automatic;
				CURRENT_PROJECT_VERSION = 1;
				DEVELOPMENT_TEAM = G8228CR939;
				GENERATE_INFOPLIST_FILE = YES;
				INFOPLIST_FILE = STUDYA/Info.plist;
				INFOPLIST_KEY_NSPhotoLibraryUsageDescription = "우리앱이 갤러리 사용권한을 요청합니다.";
				INFOPLIST_KEY_UIApplicationSupportsIndirectInputEvents = YES;
				INFOPLIST_KEY_UILaunchStoryboardName = LaunchScreen;
				INFOPLIST_KEY_UIMainStoryboardFile = Main;
				INFOPLIST_KEY_UISupportedInterfaceOrientations_iPad = "UIInterfaceOrientationPortrait UIInterfaceOrientationPortraitUpsideDown UIInterfaceOrientationLandscapeLeft UIInterfaceOrientationLandscapeRight";
				INFOPLIST_KEY_UISupportedInterfaceOrientations_iPhone = "UIInterfaceOrientationPortrait UIInterfaceOrientationLandscapeLeft UIInterfaceOrientationLandscapeRight";
				LD_RUNPATH_SEARCH_PATHS = (
					"$(inherited)",
					"@executable_path/Frameworks",
				);
				MARKETING_VERSION = 1.0;
				PRODUCT_BUNDLE_IDENTIFIER = com.Peoples;
				PRODUCT_NAME = "$(TARGET_NAME)";
				SWIFT_EMIT_LOC_STRINGS = YES;
				SWIFT_VERSION = 5.0;
				TARGETED_DEVICE_FAMILY = "1,2";
			};
			name = Debug;
		};
		72ED25BA2897788A00031AD1 /* Release */ = {
			isa = XCBuildConfiguration;
			buildSettings = {
				ASSETCATALOG_COMPILER_APPICON_NAME = AppIcon;
				ASSETCATALOG_COMPILER_GLOBAL_ACCENT_COLOR_NAME = AccentColor;
				CODE_SIGN_STYLE = Automatic;
				CURRENT_PROJECT_VERSION = 1;
				DEVELOPMENT_TEAM = G8228CR939;
				GENERATE_INFOPLIST_FILE = YES;
				INFOPLIST_FILE = STUDYA/Info.plist;
				INFOPLIST_KEY_NSPhotoLibraryUsageDescription = "우리앱이 갤러리 사용권한을 요청합니다.";
				INFOPLIST_KEY_UIApplicationSupportsIndirectInputEvents = YES;
				INFOPLIST_KEY_UILaunchStoryboardName = LaunchScreen;
				INFOPLIST_KEY_UIMainStoryboardFile = Main;
				INFOPLIST_KEY_UISupportedInterfaceOrientations_iPad = "UIInterfaceOrientationPortrait UIInterfaceOrientationPortraitUpsideDown UIInterfaceOrientationLandscapeLeft UIInterfaceOrientationLandscapeRight";
				INFOPLIST_KEY_UISupportedInterfaceOrientations_iPhone = "UIInterfaceOrientationPortrait UIInterfaceOrientationLandscapeLeft UIInterfaceOrientationLandscapeRight";
				LD_RUNPATH_SEARCH_PATHS = (
					"$(inherited)",
					"@executable_path/Frameworks",
				);
				MARKETING_VERSION = 1.0;
				PRODUCT_BUNDLE_IDENTIFIER = com.Peoples;
				PRODUCT_NAME = "$(TARGET_NAME)";
				SWIFT_EMIT_LOC_STRINGS = YES;
				SWIFT_VERSION = 5.0;
				TARGETED_DEVICE_FAMILY = "1,2";
			};
			name = Release;
		};
/* End XCBuildConfiguration section */

/* Begin XCConfigurationList section */
		72ED259F2897788900031AD1 /* Build configuration list for PBXProject "STUDYA" */ = {
			isa = XCConfigurationList;
			buildConfigurations = (
				72ED25B62897788A00031AD1 /* Debug */,
				72ED25B72897788A00031AD1 /* Release */,
			);
			defaultConfigurationIsVisible = 0;
			defaultConfigurationName = Release;
		};
		72ED25B82897788A00031AD1 /* Build configuration list for PBXNativeTarget "STUDYA" */ = {
			isa = XCConfigurationList;
			buildConfigurations = (
				72ED25B92897788A00031AD1 /* Debug */,
				72ED25BA2897788A00031AD1 /* Release */,
			);
			defaultConfigurationIsVisible = 0;
			defaultConfigurationName = Release;
		};
/* End XCConfigurationList section */

/* Begin XCRemoteSwiftPackageReference section */
		72ED25BF28978AA400031AD1 /* XCRemoteSwiftPackageReference "SnapKit" */ = {
			isa = XCRemoteSwiftPackageReference;
			repositoryURL = "https://github.com/SnapKit/SnapKit.git";
			requirement = {
				kind = upToNextMajorVersion;
				minimumVersion = 5.0.0;
			};
		};
/* End XCRemoteSwiftPackageReference section */

/* Begin XCSwiftPackageProductDependency section */
		72ED25C028978AA400031AD1 /* SnapKit */ = {
			isa = XCSwiftPackageProductDependency;
			package = 72ED25BF28978AA400031AD1 /* XCRemoteSwiftPackageReference "SnapKit" */;
			productName = SnapKit;
		};
/* End XCSwiftPackageProductDependency section */
	};
	rootObject = 72ED259C2897788900031AD1 /* Project object */;
}
